
Microsoft Visual Studio Solution File, Format Version 12.00
# Visual Studio Version 16
VisualStudioVersion = 16.0.29009.5
MinimumVisualStudioVersion = 10.0.40219.1
Project("{FAE04EC0-301F-11D3-BF4B-00C04F79EFBC}") = "WebApplication", "WebApplication\WebApplication.csproj", "{2B086E92-7809-4368-9B7C-0F3E61F0BB2C}"
EndProject
Global
	GlobalSection(SolutionConfigurationPlatforms) = preSolution
		Debug|Any CPU = Debug|Any CPU
		Release|Any CPU = Release|Any CPU
	EndGlobalSection
	GlobalSection(ProjectConfigurationPlatforms) = postSolution
		{2B086E92-7809-4368-9B7C-0F3E61F0BB2C}.Debug|Any CPU.ActiveCfg = Debug|Any CPU
		{2B086E92-7809-4368-9B7C-0F3E61F0BB2C}.Debug|Any CPU.Build.0 = Debug|Any CPU
		{2B086E92-7809-4368-9B7C-0F3E61F0BB2C}.Release|Any CPU.ActiveCfg = Release|Any CPU
		{2B086E92-7809-4368-9B7C-0F3E61F0BB2C}.Release|Any CPU.Build.0 = Release|Any CPU
	EndGlobalSection
	GlobalSection(SolutionProperties) = preSolution
		HideSolutionNode = FALSE
	EndGlobalSection
	GlobalSection(ExtensibilityGlobals) = postSolution
		SolutionGuid = {8BC6CB26-CB64-4939-B910-1DDD5C4EA3FF}
	EndGlobalSection
EndGlobal
